
Microsoft Visual Studio Solution File, Format Version 12.00
# Visual Studio Version 17
VisualStudioVersion = 17.5.33424.131
MinimumVisualStudioVersion = 10.0.40219.1
Project("{FAE04EC0-301F-11D3-BF4B-00C04F79EFBC}") = "SleekEcommerce", "SleekEcommerce\SleekEcommerce.csproj", "{5C5B36A5-19B9-49AD-9CAD-9B97FF66CC83}"
EndProject
Global
	GlobalSection(SolutionConfigurationPlatforms) = preSolution
		Debug|Any CPU = Debug|Any CPU
		Release|Any CPU = Release|Any CPU
	EndGlobalSection
	GlobalSection(ProjectConfigurationPlatforms) = postSolution
		{5C5B36A5-19B9-49AD-9CAD-9B97FF66CC83}.Debug|Any CPU.ActiveCfg = Debug|Any CPU
		{5C5B36A5-19B9-49AD-9CAD-9B97FF66CC83}.Debug|Any CPU.Build.0 = Debug|Any CPU
		{5C5B36A5-19B9-49AD-9CAD-9B97FF66CC83}.Release|Any CPU.ActiveCfg = Release|Any CPU
		{5C5B36A5-19B9-49AD-9CAD-9B97FF66CC83}.Release|Any CPU.Build.0 = Release|Any CPU
	EndGlobalSection
	GlobalSection(SolutionProperties) = preSolution
		HideSolutionNode = FALSE
	EndGlobalSection
	GlobalSection(ExtensibilityGlobals) = postSolution
		SolutionGuid = {859D6A17-106C-441C-83CC-A3810C7FC0E1}
	EndGlobalSection
EndGlobal
